// !$*UTF8*$!
{
	archiveVersion = 1;
	classes = {
	};
	objectVersion = 56;
	objects = {

/* Begin PBXBuildFile section */
		A13A6D28290FE01900DC5176 /* Post.swift in Sources */ = {isa = PBXBuildFile; fileRef = A13A6D27290FE01900DC5176 /* Post.swift */; };
		A15FB09F29090D8B005AE6C9 /* AppDelegate.swift in Sources */ = {isa = PBXBuildFile; fileRef = A15FB09E29090D8B005AE6C9 /* AppDelegate.swift */; };
		A15FB0A129090D8B005AE6C9 /* SceneDelegate.swift in Sources */ = {isa = PBXBuildFile; fileRef = A15FB0A029090D8B005AE6C9 /* SceneDelegate.swift */; };
		A15FB0A329090D8B005AE6C9 /* ViewController.swift in Sources */ = {isa = PBXBuildFile; fileRef = A15FB0A229090D8B005AE6C9 /* ViewController.swift */; };
		A15FB0A829090D8D005AE6C9 /* Assets.xcassets in Resources */ = {isa = PBXBuildFile; fileRef = A15FB0A729090D8D005AE6C9 /* Assets.xcassets */; };
		A15FB0AB29090D8D005AE6C9 /* LaunchScreen.storyboard in Resources */ = {isa = PBXBuildFile; fileRef = A15FB0A929090D8D005AE6C9 /* LaunchScreen.storyboard */; };
		A15FB0B3290956A8005AE6C9 /* FeedViewController.swift in Sources */ = {isa = PBXBuildFile; fileRef = A15FB0B2290956A8005AE6C9 /* FeedViewController.swift */; };
		A15FB0B729096308005AE6C9 /* ProfileViewController.swift in Sources */ = {isa = PBXBuildFile; fileRef = A15FB0B629096308005AE6C9 /* ProfileViewController.swift */; };
		A15FB0B929097187005AE6C9 /* PostViewController.swift in Sources */ = {isa = PBXBuildFile; fileRef = A15FB0B829097187005AE6C9 /* PostViewController.swift */; };
		A15FB0BB29097D7E005AE6C9 /* InfoViewController.swift in Sources */ = {isa = PBXBuildFile; fileRef = A15FB0BA29097D7E005AE6C9 /* InfoViewController.swift */; };
		A1B26FF0291E285E00BA2E7F /* ProfileHeaderView.swift in Sources */ = {isa = PBXBuildFile; fileRef = A1B26FEF291E285E00BA2E7F /* ProfileHeaderView.swift */; };
		A1D42AD02934A7AD00458952 /* LogInViewController.swift in Sources */ = {isa = PBXBuildFile; fileRef = A1D42ACF2934A7AD00458952 /* LogInViewController.swift */; };
		A1FD931E293877FB00A53FB3 /* PostTableViewCell.swift in Sources */ = {isa = PBXBuildFile; fileRef = A1FD931D293877FB00A53FB3 /* PostTableViewCell.swift */; };
/* End PBXBuildFile section */

/* Begin PBXFileReference section */
		A13A6D27290FE01900DC5176 /* Post.swift */ = {isa = PBXFileReference; lastKnownFileType = sourcecode.swift; path = Post.swift; sourceTree = "<group>"; };
		A15FB09B29090D8B005AE6C9 /* Navigation.app */ = {isa = PBXFileReference; explicitFileType = wrapper.application; includeInIndex = 0; path = Navigation.app; sourceTree = BUILT_PRODUCTS_DIR; };
		A15FB09E29090D8B005AE6C9 /* AppDelegate.swift */ = {isa = PBXFileReference; lastKnownFileType = sourcecode.swift; path = AppDelegate.swift; sourceTree = "<group>"; };
		A15FB0A029090D8B005AE6C9 /* SceneDelegate.swift */ = {isa = PBXFileReference; lastKnownFileType = sourcecode.swift; path = SceneDelegate.swift; sourceTree = "<group>"; };
		A15FB0A229090D8B005AE6C9 /* ViewController.swift */ = {isa = PBXFileReference; lastKnownFileType = sourcecode.swift; path = ViewController.swift; sourceTree = "<group>"; };
		A15FB0A729090D8D005AE6C9 /* Assets.xcassets */ = {isa = PBXFileReference; lastKnownFileType = folder.assetcatalog; path = Assets.xcassets; sourceTree = "<group>"; };
		A15FB0AA29090D8D005AE6C9 /* Base */ = {isa = PBXFileReference; lastKnownFileType = file.storyboard; name = Base; path = Base.lproj/LaunchScreen.storyboard; sourceTree = "<group>"; };
		A15FB0AC29090D8D005AE6C9 /* Info.plist */ = {isa = PBXFileReference; lastKnownFileType = text.plist.xml; path = Info.plist; sourceTree = "<group>"; };
		A15FB0B2290956A8005AE6C9 /* FeedViewController.swift */ = {isa = PBXFileReference; lastKnownFileType = sourcecode.swift; path = FeedViewController.swift; sourceTree = "<group>"; };
		A15FB0B629096308005AE6C9 /* ProfileViewController.swift */ = {isa = PBXFileReference; lastKnownFileType = sourcecode.swift; path = ProfileViewController.swift; sourceTree = "<group>"; };
		A15FB0B829097187005AE6C9 /* PostViewController.swift */ = {isa = PBXFileReference; lastKnownFileType = sourcecode.swift; path = PostViewController.swift; sourceTree = "<group>"; };
		A15FB0BA29097D7E005AE6C9 /* InfoViewController.swift */ = {isa = PBXFileReference; lastKnownFileType = sourcecode.swift; path = InfoViewController.swift; sourceTree = "<group>"; };
		A1B26FEF291E285E00BA2E7F /* ProfileHeaderView.swift */ = {isa = PBXFileReference; lastKnownFileType = sourcecode.swift; path = ProfileHeaderView.swift; sourceTree = "<group>"; };
		A1D42ACF2934A7AD00458952 /* LogInViewController.swift */ = {isa = PBXFileReference; lastKnownFileType = sourcecode.swift; path = LogInViewController.swift; sourceTree = "<group>"; };
		A1FD931D293877FB00A53FB3 /* PostTableViewCell.swift */ = {isa = PBXFileReference; lastKnownFileType = sourcecode.swift; path = PostTableViewCell.swift; sourceTree = "<group>"; };
/* End PBXFileReference section */

/* Begin PBXFrameworksBuildPhase section */
		A15FB09829090D8B005AE6C9 /* Frameworks */ = {
			isa = PBXFrameworksBuildPhase;
			buildActionMask = 2147483647;
			files = (
			);
			runOnlyForDeploymentPostprocessing = 0;
		};
/* End PBXFrameworksBuildPhase section */

/* Begin PBXGroup section */
		A15FB09229090D8B005AE6C9 = {
			isa = PBXGroup;
			children = (
				A15FB09D29090D8B005AE6C9 /* Navigation */,
				A15FB09C29090D8B005AE6C9 /* Products */,
			);
			sourceTree = "<group>";
		};
		A15FB09C29090D8B005AE6C9 /* Products */ = {
			isa = PBXGroup;
			children = (
				A15FB09B29090D8B005AE6C9 /* Navigation.app */,
			);
			name = Products;
			sourceTree = "<group>";
		};
		A15FB09D29090D8B005AE6C9 /* Navigation */ = {
			isa = PBXGroup;
			children = (
				A15FB09E29090D8B005AE6C9 /* AppDelegate.swift */,
				A15FB0A029090D8B005AE6C9 /* SceneDelegate.swift */,
				A1B26FEE291E27E100BA2E7F /* Profile */,
				A15FB0B2290956A8005AE6C9 /* FeedViewController.swift */,
				A15FB0BA29097D7E005AE6C9 /* InfoViewController.swift */,
				A13A6D27290FE01900DC5176 /* Post.swift */,
				A1FD931D293877FB00A53FB3 /* PostTableViewCell.swift */,
				A15FB0B829097187005AE6C9 /* PostViewController.swift */,
				A15FB0A229090D8B005AE6C9 /* ViewController.swift */,
				A15FB0A729090D8D005AE6C9 /* Assets.xcassets */,
				A15FB0A929090D8D005AE6C9 /* LaunchScreen.storyboard */,
				A15FB0AC29090D8D005AE6C9 /* Info.plist */,
			);
			path = Navigation;
			sourceTree = "<group>";
		};
		A1B26FEE291E27E100BA2E7F /* Profile */ = {
			isa = PBXGroup;
			children = (
				A15FB0B629096308005AE6C9 /* ProfileViewController.swift */,
				A1B26FEF291E285E00BA2E7F /* ProfileHeaderView.swift */,
				A1D42ACF2934A7AD00458952 /* LogInViewController.swift */,
			);
			path = Profile;
			sourceTree = "<group>";
		};
/* End PBXGroup section */

/* Begin PBXNativeTarget section */
		A15FB09A29090D8B005AE6C9 /* Navigation */ = {
			isa = PBXNativeTarget;
			buildConfigurationList = A15FB0AF29090D8D005AE6C9 /* Build configuration list for PBXNativeTarget "Navigation" */;
			buildPhases = (
				A15FB09729090D8B005AE6C9 /* Sources */,
				A15FB09829090D8B005AE6C9 /* Frameworks */,
				A15FB09929090D8B005AE6C9 /* Resources */,
			);
			buildRules = (
			);
			dependencies = (
			);
			name = Navigation;
			productName = Navigation;
			productReference = A15FB09B29090D8B005AE6C9 /* Navigation.app */;
			productType = "com.apple.product-type.application";
		};
/* End PBXNativeTarget section */

/* Begin PBXProject section */
		A15FB09329090D8B005AE6C9 /* Project object */ = {
			isa = PBXProject;
			attributes = {
				BuildIndependentTargetsInParallel = 1;
				LastSwiftUpdateCheck = 1400;
				LastUpgradeCheck = 1400;
				TargetAttributes = {
					A15FB09A29090D8B005AE6C9 = {
						CreatedOnToolsVersion = 14.0.1;
					};
				};
			};
			buildConfigurationList = A15FB09629090D8B005AE6C9 /* Build configuration list for PBXProject "Navigation" */;
			compatibilityVersion = "Xcode 14.0";
			developmentRegion = en;
			hasScannedForEncodings = 0;
			knownRegions = (
				en,
				Base,
			);
			mainGroup = A15FB09229090D8B005AE6C9;
			productRefGroup = A15FB09C29090D8B005AE6C9 /* Products */;
			projectDirPath = "";
			projectRoot = "";
			targets = (
				A15FB09A29090D8B005AE6C9 /* Navigation */,
			);
		};
/* End PBXProject section */

/* Begin PBXResourcesBuildPhase section */
		A15FB09929090D8B005AE6C9 /* Resources */ = {
			isa = PBXResourcesBuildPhase;
			buildActionMask = 2147483647;
			files = (
				A15FB0AB29090D8D005AE6C9 /* LaunchScreen.storyboard in Resources */,
				A15FB0A829090D8D005AE6C9 /* Assets.xcassets in Resources */,
			);
			runOnlyForDeploymentPostprocessing = 0;
		};
/* End PBXResourcesBuildPhase section */

/* Begin PBXSourcesBuildPhase section */
		A15FB09729090D8B005AE6C9 /* Sources */ = {
			isa = PBXSourcesBuildPhase;
			buildActionMask = 2147483647;
			files = (
				A1FD931E293877FB00A53FB3 /* PostTableViewCell.swift in Sources */,
				A15FB0B929097187005AE6C9 /* PostViewController.swift in Sources */,
				A15FB0B729096308005AE6C9 /* ProfileViewController.swift in Sources */,
				A15FB0A329090D8B005AE6C9 /* ViewController.swift in Sources */,
				A13A6D28290FE01900DC5176 /* Post.swift in Sources */,
				A1B26FF0291E285E00BA2E7F /* ProfileHeaderView.swift in Sources */,
				A15FB0BB29097D7E005AE6C9 /* InfoViewController.swift in Sources */,
				A15FB09F29090D8B005AE6C9 /* AppDelegate.swift in Sources */,
				A15FB0B3290956A8005AE6C9 /* FeedViewController.swift in Sources */,
				A1D42AD02934A7AD00458952 /* LogInViewController.swift in Sources */,
				A15FB0A129090D8B005AE6C9 /* SceneDelegate.swift in Sources */,
			);
			runOnlyForDeploymentPostprocessing = 0;
		};
/* End PBXSourcesBuildPhase section */

/* Begin PBXVariantGroup section */
		A15FB0A929090D8D005AE6C9 /* LaunchScreen.storyboard */ = {
			isa = PBXVariantGroup;
			children = (
				A15FB0AA29090D8D005AE6C9 /* Base */,
			);
			name = LaunchScreen.storyboard;
			sourceTree = "<group>";
		};
/* End PBXVariantGroup section */

/* Begin XCBuildConfiguration section */
		A15FB0AD29090D8D005AE6C9 /* Debug */ = {
			isa = XCBuildConfiguration;
			buildSettings = {
				ALWAYS_SEARCH_USER_PATHS = NO;
				CLANG_ANALYZER_NONNULL = YES;
				CLANG_ANALYZER_NUMBER_OBJECT_CONVERSION = YES_AGGRESSIVE;
				CLANG_CXX_LANGUAGE_STANDARD = "gnu++20";
				CLANG_ENABLE_MODULES = YES;
				CLANG_ENABLE_OBJC_ARC = YES;
				CLANG_ENABLE_OBJC_WEAK = YES;
				CLANG_WARN_BLOCK_CAPTURE_AUTORELEASING = YES;
				CLANG_WARN_BOOL_CONVERSION = YES;
				CLANG_WARN_COMMA = YES;
				CLANG_WARN_CONSTANT_CONVERSION = YES;
				CLANG_WARN_DEPRECATED_OBJC_IMPLEMENTATIONS = YES;
				CLANG_WARN_DIRECT_OBJC_ISA_USAGE = YES_ERROR;
				CLANG_WARN_DOCUMENTATION_COMMENTS = YES;
				CLANG_WARN_EMPTY_BODY = YES;
				CLANG_WARN_ENUM_CONVERSION = YES;
				CLANG_WARN_INFINITE_RECURSION = YES;
				CLANG_WARN_INT_CONVERSION = YES;
				CLANG_WARN_NON_LITERAL_NULL_CONVERSION = YES;
				CLANG_WARN_OBJC_IMPLICIT_RETAIN_SELF = YES;
				CLANG_WARN_OBJC_LITERAL_CONVERSION = YES;
				CLANG_WARN_OBJC_ROOT_CLASS = YES_ERROR;
				CLANG_WARN_QUOTED_INCLUDE_IN_FRAMEWORK_HEADER = YES;
				CLANG_WARN_RANGE_LOOP_ANALYSIS = YES;
				CLANG_WARN_STRICT_PROTOTYPES = YES;
				CLANG_WARN_SUSPICIOUS_MOVE = YES;
				CLANG_WARN_UNGUARDED_AVAILABILITY = YES_AGGRESSIVE;
				CLANG_WARN_UNREACHABLE_CODE = YES;
				CLANG_WARN__DUPLICATE_METHOD_MATCH = YES;
				COPY_PHASE_STRIP = NO;
				DEBUG_INFORMATION_FORMAT = dwarf;
				ENABLE_STRICT_OBJC_MSGSEND = YES;
				ENABLE_TESTABILITY = YES;
				GCC_C_LANGUAGE_STANDARD = gnu11;
				GCC_DYNAMIC_NO_PIC = NO;
				GCC_NO_COMMON_BLOCKS = YES;
				GCC_OPTIMIZATION_LEVEL = 0;
				GCC_PREPROCESSOR_DEFINITIONS = (
					"DEBUG=1",
					"$(inherited)",
				);
				GCC_WARN_64_TO_32_BIT_CONVERSION = YES;
				GCC_WARN_ABOUT_RETURN_TYPE = YES_ERROR;
				GCC_WARN_UNDECLARED_SELECTOR = YES;
				GCC_WARN_UNINITIALIZED_AUTOS = YES_AGGRESSIVE;
				GCC_WARN_UNUSED_FUNCTION = YES;
				GCC_WARN_UNUSED_VARIABLE = YES;
				IPHONEOS_DEPLOYMENT_TARGET = 16.0;
				MTL_ENABLE_DEBUG_INFO = INCLUDE_SOURCE;
				MTL_FAST_MATH = YES;
				ONLY_ACTIVE_ARCH = YES;
				SDKROOT = iphoneos;
				SWIFT_ACTIVE_COMPILATION_CONDITIONS = DEBUG;
				SWIFT_OPTIMIZATION_LEVEL = "-Onone";
			};
			name = Debug;
		};
		A15FB0AE29090D8D005AE6C9 /* Release */ = {
			isa = XCBuildConfiguration;
			buildSettings = {
				ALWAYS_SEARCH_USER_PATHS = NO;
				CLANG_ANALYZER_NONNULL = YES;
				CLANG_ANALYZER_NUMBER_OBJECT_CONVERSION = YES_AGGRESSIVE;
				CLANG_CXX_LANGUAGE_STANDARD = "gnu++20";
				CLANG_ENABLE_MODULES = YES;
				CLANG_ENABLE_OBJC_ARC = YES;
				CLANG_ENABLE_OBJC_WEAK = YES;
				CLANG_WARN_BLOCK_CAPTURE_AUTORELEASING = YES;
				CLANG_WARN_BOOL_CONVERSION = YES;
				CLANG_WARN_COMMA = YES;
				CLANG_WARN_CONSTANT_CONVERSION = YES;
				CLANG_WARN_DEPRECATED_OBJC_IMPLEMENTATIONS = YES;
				CLANG_WARN_DIRECT_OBJC_ISA_USAGE = YES_ERROR;
				CLANG_WARN_DOCUMENTATION_COMMENTS = YES;
				CLANG_WARN_EMPTY_BODY = YES;
				CLANG_WARN_ENUM_CONVERSION = YES;
				CLANG_WARN_INFINITE_RECURSION = YES;
				CLANG_WARN_INT_CONVERSION = YES;
				CLANG_WARN_NON_LITERAL_NULL_CONVERSION = YES;
				CLANG_WARN_OBJC_IMPLICIT_RETAIN_SELF = YES;
				CLANG_WARN_OBJC_LITERAL_CONVERSION = YES;
				CLANG_WARN_OBJC_ROOT_CLASS = YES_ERROR;
				CLANG_WARN_QUOTED_INCLUDE_IN_FRAMEWORK_HEADER = YES;
				CLANG_WARN_RANGE_LOOP_ANALYSIS = YES;
				CLANG_WARN_STRICT_PROTOTYPES = YES;
				CLANG_WARN_SUSPICIOUS_MOVE = YES;
				CLANG_WARN_UNGUARDED_AVAILABILITY = YES_AGGRESSIVE;
				CLANG_WARN_UNREACHABLE_CODE = YES;
				CLANG_WARN__DUPLICATE_METHOD_MATCH = YES;
				COPY_PHASE_STRIP = NO;
				DEBUG_INFORMATION_FORMAT = "dwarf-with-dsym";
				ENABLE_NS_ASSERTIONS = NO;
				ENABLE_STRICT_OBJC_MSGSEND = YES;
				GCC_C_LANGUAGE_STANDARD = gnu11;
				GCC_NO_COMMON_BLOCKS = YES;
				GCC_WARN_64_TO_32_BIT_CONVERSION = YES;
				GCC_WARN_ABOUT_RETURN_TYPE = YES_ERROR;
				GCC_WARN_UNDECLARED_SELECTOR = YES;
				GCC_WARN_UNINITIALIZED_AUTOS = YES_AGGRESSIVE;
				GCC_WARN_UNUSED_FUNCTION = YES;
				GCC_WARN_UNUSED_VARIABLE = YES;
				IPHONEOS_DEPLOYMENT_TARGET = 16.0;
				MTL_ENABLE_DEBUG_INFO = NO;
				MTL_FAST_MATH = YES;
				SDKROOT = iphoneos;
				SWIFT_COMPILATION_MODE = wholemodule;
				SWIFT_OPTIMIZATION_LEVEL = "-O";
				VALIDATE_PRODUCT = YES;
			};
			name = Release;
		};
		A15FB0B029090D8D005AE6C9 /* Debug */ = {
			isa = XCBuildConfiguration;
			buildSettings = {
				ASSETCATALOG_COMPILER_APPICON_NAME = AppIcon;
				ASSETCATALOG_COMPILER_GLOBAL_ACCENT_COLOR_NAME = AccentColor;
				CODE_SIGN_STYLE = Automatic;
				CURRENT_PROJECT_VERSION = 1;
				GENERATE_INFOPLIST_FILE = YES;
				INFOPLIST_FILE = Navigation/Info.plist;
				INFOPLIST_KEY_UIApplicationSupportsIndirectInputEvents = YES;
				INFOPLIST_KEY_UILaunchStoryboardName = LaunchScreen;
				INFOPLIST_KEY_UISupportedInterfaceOrientations_iPad = "UIInterfaceOrientationPortrait UIInterfaceOrientationPortraitUpsideDown UIInterfaceOrientationLandscapeLeft UIInterfaceOrientationLandscapeRight";
				INFOPLIST_KEY_UISupportedInterfaceOrientations_iPhone = "UIInterfaceOrientationPortrait UIInterfaceOrientationLandscapeLeft UIInterfaceOrientationLandscapeRight";
				LD_RUNPATH_SEARCH_PATHS = (
					"$(inherited)",
					"@executable_path/Frameworks",
				);
				MARKETING_VERSION = 1.0;
				PRODUCT_BUNDLE_IDENTIFIER = "Gladkov-Fedor.Navigation";
				PRODUCT_NAME = "$(TARGET_NAME)";
				SWIFT_EMIT_LOC_STRINGS = YES;
				SWIFT_VERSION = 5.0;
				TARGETED_DEVICE_FAMILY = "1,2";
			};
			name = Debug;
		};
		A15FB0B129090D8D005AE6C9 /* Release */ = {
			isa = XCBuildConfiguration;
			buildSettings = {
				ASSETCATALOG_COMPILER_APPICON_NAME = AppIcon;
				ASSETCATALOG_COMPILER_GLOBAL_ACCENT_COLOR_NAME = AccentColor;
				CODE_SIGN_STYLE = Automatic;
				CURRENT_PROJECT_VERSION = 1;
				GENERATE_INFOPLIST_FILE = YES;
				INFOPLIST_FILE = Navigation/Info.plist;
				INFOPLIST_KEY_UIApplicationSupportsIndirectInputEvents = YES;
				INFOPLIST_KEY_UILaunchStoryboardName = LaunchScreen;
				INFOPLIST_KEY_UISupportedInterfaceOrientations_iPad = "UIInterfaceOrientationPortrait UIInterfaceOrientationPortraitUpsideDown UIInterfaceOrientationLandscapeLeft UIInterfaceOrientationLandscapeRight";
				INFOPLIST_KEY_UISupportedInterfaceOrientations_iPhone = "UIInterfaceOrientationPortrait UIInterfaceOrientationLandscapeLeft UIInterfaceOrientationLandscapeRight";
				LD_RUNPATH_SEARCH_PATHS = (
					"$(inherited)",
					"@executable_path/Frameworks",
				);
				MARKETING_VERSION = 1.0;
				PRODUCT_BUNDLE_IDENTIFIER = "Gladkov-Fedor.Navigation";
				PRODUCT_NAME = "$(TARGET_NAME)";
				SWIFT_EMIT_LOC_STRINGS = YES;
				SWIFT_VERSION = 5.0;
				TARGETED_DEVICE_FAMILY = "1,2";
			};
			name = Release;
		};
/* End XCBuildConfiguration section */

/* Begin XCConfigurationList section */
		A15FB09629090D8B005AE6C9 /* Build configuration list for PBXProject "Navigation" */ = {
			isa = XCConfigurationList;
			buildConfigurations = (
				A15FB0AD29090D8D005AE6C9 /* Debug */,
				A15FB0AE29090D8D005AE6C9 /* Release */,
			);
			defaultConfigurationIsVisible = 0;
			defaultConfigurationName = Release;
		};
		A15FB0AF29090D8D005AE6C9 /* Build configuration list for PBXNativeTarget "Navigation" */ = {
			isa = XCConfigurationList;
			buildConfigurations = (
				A15FB0B029090D8D005AE6C9 /* Debug */,
				A15FB0B129090D8D005AE6C9 /* Release */,
			);
			defaultConfigurationIsVisible = 0;
			defaultConfigurationName = Release;
		};
/* End XCConfigurationList section */
	};
	rootObject = A15FB09329090D8B005AE6C9 /* Project object */;
}
